
Microsoft Visual Studio Solution File, Format Version 12.00
# Visual Studio Version 17
VisualStudioVersion = 17.10.34928.147
MinimumVisualStudioVersion = 10.0.40219.1
Project("{FAE04EC0-301F-11D3-BF4B-00C04F79EFBC}") = "Cabinet", "Cabinet\Cabinet.csproj", "{E3B3C96D-583F-4281-8D22-50D75070F1E1}"
EndProject
Global
	GlobalSection(SolutionConfigurationPlatforms) = preSolution
		Debug|Any CPU = Debug|Any CPU
		Release|Any CPU = Release|Any CPU
	EndGlobalSection
	GlobalSection(ProjectConfigurationPlatforms) = postSolution
		{E3B3C96D-583F-4281-8D22-50D75070F1E1}.Debug|Any CPU.ActiveCfg = Debug|Any CPU
		{E3B3C96D-583F-4281-8D22-50D75070F1E1}.Debug|Any CPU.Build.0 = Debug|Any CPU
		{E3B3C96D-583F-4281-8D22-50D75070F1E1}.Release|Any CPU.ActiveCfg = Release|Any CPU
		{E3B3C96D-583F-4281-8D22-50D75070F1E1}.Release|Any CPU.Build.0 = Release|Any CPU
	EndGlobalSection
	GlobalSection(SolutionProperties) = preSolution
		HideSolutionNode = FALSE
	EndGlobalSection
	GlobalSection(ExtensibilityGlobals) = postSolution
		SolutionGuid = {F735F2C5-9536-4327-BEBB-83A0417DBE2A}
	EndGlobalSection
EndGlobal
